<?xml version="1.0" encoding="utf-8"?>
<Project ToolsVersion="4.0" xmlns="http://schemas.microsoft.com/developer/msbuild/2003">
  <ItemGroup>
    <Filter Include="Source Files">
      <UniqueIdentifier>{4FC737F1-C7A5-4376-A066-2A32D752A2FF}</UniqueIdentifier>
      <Extensions>cpp;c;cc;cxx;c++;cppm;ixx;def;odl;idl;hpj;bat;asm;asmx</Extensions>
    </Filter>
    <Filter Include="Header Files">
      <UniqueIdentifier>{93995380-89BD-4b04-88EB-625FBE52EBFB}</UniqueIdentifier>
      <Extensions>h;hh;hpp;hxx;h++;hm;inl;inc;ipp;xsd</Extensions>
    </Filter>
    <Filter Include="Resource Files">
      <UniqueIdentifier>{67DA6AB6-F800-4c08-8B7A-83BB121AAD01}</UniqueIdentifier>
      <Extensions>rc;ico;cur;bmp;dlg;rc2;rct;bin;rgs;gif;jpg;jpeg;jpe;resx;tiff;tif;png;wav;mfcribbon-ms</Extensions>
    </Filter>
    <Filter Include="Tool">
      <UniqueIdentifier>{1c56a03f-0fcd-4c4d-b2d1-e05320f402c6}</UniqueIdentifier>
    </Filter>
    <Filter Include="Exemple T-REX GAME">
      <UniqueIdentifier>{dbc32e61-ef12-4ca7-859f-257eb42c4604}</UniqueIdentifier>
    </Filter>
    <Filter Include="Include/Module">
      <UniqueIdentifier>{fab78f45-623b-48da-8ad3-5f4569daa487}</UniqueIdentifier>
    </Filter>
    <Filter Include="Include/Module\AudioModule">
      <UniqueIdentifier>{5476c5e7-82a7-40d0-971d-efd47fd533a3}</UniqueIdentifier>
    </Filter>
    <Filter Include="Include/Module\Components">
      <UniqueIdentifier>{b7793a2d-e47f-429e-af28-78d5831acf43}</UniqueIdentifier>
    </Filter>
    <Filter Include="Include/Module\Core">
      <UniqueIdentifier>{7d128561-1a76-4ec3-abd4-1a53af170c36}</UniqueIdentifier>
    </Filter>
    <Filter Include="Include/Module\Engine">
      <UniqueIdentifier>{b0387fc3-f12b-469f-9c76-5a33e93cccc1}</UniqueIdentifier>
    </Filter>
    <Filter Include="Include/Module\InputModule">
      <UniqueIdentifier>{54ce735e-6664-4ab0-93e6-359ca54a11be}</UniqueIdentifier>
    </Filter>
    <Filter Include="Include/Module\LoadModule">
      <UniqueIdentifier>{f62f98ff-2aba-4e30-b319-2a5ac0c301d5}</UniqueIdentifier>
    </Filter>
    <Filter Include="Include/Module\PrintModule">
      <UniqueIdentifier>{8093f8fe-4d7a-40a3-b109-e83ef37a1331}</UniqueIdentifier>
    </Filter>
    <Filter Include="Include/Module\Render">
      <UniqueIdentifier>{0f6bfc94-08e9-49a6-a838-900d6c61fb9c}</UniqueIdentifier>
    </Filter>
    <Filter Include="Include/Module\Tool">
      <UniqueIdentifier>{f1fda610-cdcc-4922-a001-5c5474cd0056}</UniqueIdentifier>
    </Filter>
    <Filter Include="Include/Module\World">
      <UniqueIdentifier>{a9964b85-bb31-4e20-b8a2-0d3e23f07547}</UniqueIdentifier>
    </Filter>
  </ItemGroup>
  <ItemGroup>
    <Image Include="MyTerminal\icon.ico">
      <Filter>Resource Files</Filter>
    </Image>
  </ItemGroup>
  <ItemGroup>
    <ClCompile Include="Header.cpp">
      <Filter>Source Files</Filter>
    </ClCompile>
    <ClCompile Include="main.cpp">
      <Filter>Source Files</Filter>
    </ClCompile>
    <ClCompile Include="MyUI.cpp">
      <Filter>Source Files</Filter>
    </ClCompile>
    <ClCompile Include="TRexGame.cpp">
      <Filter>Exemple T-REX GAME</Filter>
    </ClCompile>
  </ItemGroup>
  <ItemGroup>
    <ClInclude Include="Header.h">
      <Filter>Header Files</Filter>
    </ClInclude>
    <ClInclude Include="MyUI.h">
      <Filter>Header Files</Filter>
    </ClInclude>
    <ClInclude Include="resource.h">
      <Filter>Header Files</Filter>
    </ClInclude>
    <ClInclude Include="TRexGame.h">
      <Filter>Exemple T-REX GAME</Filter>
    </ClInclude>
    <ClInclude Include="..\Terminal World\trWorld.h">
      <Filter>Include/Module\World</Filter>
    </ClInclude>
    <ClInclude Include="..\Terminal Tool\trUITools.h">
      <Filter>Include/Module\Tool</Filter>
    </ClInclude>
    <ClInclude Include="..\Terminal Render\trRender.h">
      <Filter>Include/Module\Render</Filter>
    </ClInclude>
    <ClInclude Include="..\Terminal PrintModule\trPrint.h">
      <Filter>Include/Module\PrintModule</Filter>
    </ClInclude>
    <ClInclude Include="..\Terminal LoadModule\trSaveFile.h">
      <Filter>Include/Module\LoadModule</Filter>
    </ClInclude>
    <ClInclude Include="..\Terminal LoadModule\trLoadFile.h">
      <Filter>Include/Module\LoadModule</Filter>
    </ClInclude>
    <ClInclude Include="..\Terminal InputModule\trKeyBoardManagement.h">
      <Filter>Include/Module\InputModule</Filter>
    </ClInclude>
    <ClInclude Include="..\Terminal InputModule\trBTN_Key.h">
      <Filter>Include/Module\InputModule</Filter>
    </ClInclude>
    <ClInclude Include="..\Terminal Engine\trUI.h">
      <Filter>Include/Module\Engine</Filter>
    </ClInclude>
    <ClInclude Include="..\Terminal Core\include.h">
      <Filter>Include/Module\Core</Filter>
    </ClInclude>
    <ClInclude Include="..\Terminal Components\trActor.h">
      <Filter>Include/Module\Core</Filter>
    </ClInclude>
    <ClInclude Include="..\Terminal Core\trCoordinate.h">
      <Filter>Include/Module\Core</Filter>
    </ClInclude>
    <ClInclude Include="..\Terminal Core\trData.h">
      <Filter>Include/Module\Core</Filter>
    </ClInclude>
    <ClInclude Include="..\Terminal Core\trMap.h">
      <Filter>Include/Module\Core</Filter>
    </ClInclude>
    <ClInclude Include="..\Terminal Core\trObject.h">
      <Filter>Include/Module\Core</Filter>
    </ClInclude>
    <ClInclude Include="..\Terminal Core\trObjectFactory.h">
      <Filter>Include/Module\Core</Filter>
    </ClInclude>
    <ClInclude Include="..\Terminal Core\trPair.h">
      <Filter>Include/Module\Core</Filter>
    </ClInclude>
    <ClInclude Include="..\Terminal Core\trPawn.h">
      <Filter>Include/Module\Core</Filter>
    </ClInclude>
    <ClInclude Include="..\Terminal Core\trRect.h">
      <Filter>Include/Module\Core</Filter>
    </ClInclude>
    <ClInclude Include="..\Terminal Core\trSize.h">
      <Filter>Include/Module\Core</Filter>
    </ClInclude>
    <ClInclude Include="..\Terminal Core\trUIToolsCore.h">
      <Filter>Include/Module\Core</Filter>
    </ClInclude>
    <ClInclude Include="..\Terminal Core\trWeakPointer.h">
      <Filter>Include/Module\Core</Filter>
    </ClInclude>
    <ClInclude Include="..\Terminal Components\trSelector.h">
      <Filter>Include/Module\Components</Filter>
    </ClInclude>
    <ClInclude Include="..\Terminal Components\trText.h">
      <Filter>Include/Module\Components</Filter>
    </ClInclude>
    <ClInclude Include="..\Terminal Components\trWidget.h">
      <Filter>Include/Module\Components</Filter>
    </ClInclude>
    <ClInclude Include="..\Terminal AudioModule\trAudio.h">
      <Filter>Include/Module\AudioModule</Filter>
    </ClInclude>
  </ItemGroup>
  <ItemGroup>
    <None Include="Pre_Build.py">
      <Filter>Tool</Filter>
    </None>
    <None Include="run_prebuild.bat">
      <Filter>Tool</Filter>
    </None>
  </ItemGroup>
</Project>